
Microsoft Visual Studio Solution File, Format Version 12.00
# Visual Studio 14
VisualStudioVersion = 14.0.25420.1
MinimumVisualStudioVersion = 10.0.40219.1
Project("{FAE04EC0-301F-11D3-BF4B-00C04F79EFBC}") = "GeekHunterTest", "GeekHunterTest\GeekHunterTest.csproj", "{2844A8B6-453E-4532-A6D0-3A12B4D8E17C}"
EndProject
Project("{FAE04EC0-301F-11D3-BF4B-00C04F79EFBC}") = "GeekHunter", "GeekHunter\GeekHunter.csproj", "{579914A2-36E8-40DD-9144-717A786C9314}"
EndProject
Global
	GlobalSection(SolutionConfigurationPlatforms) = preSolution
		Debug|Any CPU = Debug|Any CPU
		Release|Any CPU = Release|Any CPU
	EndGlobalSection
	GlobalSection(ProjectConfigurationPlatforms) = postSolution
		{2844A8B6-453E-4532-A6D0-3A12B4D8E17C}.Debug|Any CPU.ActiveCfg = Debug|Any CPU
		{2844A8B6-453E-4532-A6D0-3A12B4D8E17C}.Debug|Any CPU.Build.0 = Debug|Any CPU
		{2844A8B6-453E-4532-A6D0-3A12B4D8E17C}.Release|Any CPU.ActiveCfg = Release|Any CPU
		{2844A8B6-453E-4532-A6D0-3A12B4D8E17C}.Release|Any CPU.Build.0 = Release|Any CPU
		{579914A2-36E8-40DD-9144-717A786C9314}.Debug|Any CPU.ActiveCfg = Debug|Any CPU
		{579914A2-36E8-40DD-9144-717A786C9314}.Debug|Any CPU.Build.0 = Debug|Any CPU
		{579914A2-36E8-40DD-9144-717A786C9314}.Release|Any CPU.ActiveCfg = Release|Any CPU
		{579914A2-36E8-40DD-9144-717A786C9314}.Release|Any CPU.Build.0 = Release|Any CPU
	EndGlobalSection
	GlobalSection(SolutionProperties) = preSolution
		HideSolutionNode = FALSE
	EndGlobalSection
EndGlobal
